{
  "nodes": {
    "nixpkgs": {
      "locked": {
        "lastModified": 1789344334,
        "narHash": "sha256-it+7kNGnOOHBCEnl4SfZ7QtfGziH3EryzHqwvJpjAfg=",
        "rev": "c3eea5b2156db11c7eeeada3dc737711255b253e",
        "type": "tarball",
        "url": "https://releases.nixos.org/nixos/26.05/nixos-26.05.9729.c3eea5b2156d/nixexprs.tar.xz"
      },
      "original": {
        "type": "tarball",
        "url": "https://channels.nixos.org/nixos-26.05/nixexprs.tar.xz"
      }
    },
    "root": {
      "inputs": {
        "nixpkgs": "nixpkgs"
      }
    }
  },
  "root": "root",
  "version": 7
}
